// !$*UTF8*$!
{
	archiveVersion = 1;
	classes = {
	};
	objectVersion = 46;
	objects = {

/* Begin PBXBuildFile section */
		4A022F601226200E0063BCED /* SGGlassAnnotationView.m in Sources */ = {isa = PBXBuildFile; fileRef = 4A022F5E1226200E0063BCED /* SGGlassAnnotationView.m */; };
		4A022F611226200E0063BCED /* SGGlassAnnotationView.h in Headers */ = {isa = PBXBuildFile; fileRef = 4A022F5F1226200E0063BCED /* SGGlassAnnotationView.h */; };
		4A0418E4124065B600C93E1B /* SGBearingTest.m in Sources */ = {isa = PBXBuildFile; fileRef = 4A0418E3124065B600C93E1B /* SGBearingTest.m */; };
		4A0419051240668600C93E1B /* SGTexture.m in Sources */ = {isa = PBXBuildFile; fileRef = 4A64A4741120964700D4E22D /* SGTexture.m */; };
		4A0419061240668700C93E1B /* SGRadar.m in Sources */ = {isa = PBXBuildFile; fileRef = 4A64A4841120964700D4E22D /* SGRadar.m */; };
		4A0419071240668800C93E1B /* SGPinAnnotationView.m in Sources */ = {isa = PBXBuildFile; fileRef = 4A705A72121CD95800B3D330 /* SGPinAnnotationView.m */; };
		4A0419081240668800C93E1B /* SGMovableStack.m in Sources */ = {isa = PBXBuildFile; fileRef = 4A64A4821120964700D4E22D /* SGMovableStack.m */; };
		4A0419091240668A00C93E1B /* SGHeadingView.m in Sources */ = {isa = PBXBuildFile; fileRef = 4A64A4801120964700D4E22D /* SGHeadingView.m */; };
		4A04190A1240668A00C93E1B /* SGMath.c in Sources */ = {isa = PBXBuildFile; fileRef = 4A64A4701120964700D4E22D /* SGMath.c */; };
		4A04190B1240668B00C93E1B /* SGGlassAnnotationView.m in Sources */ = {isa = PBXBuildFile; fileRef = 4A022F5E1226200E0063BCED /* SGGlassAnnotationView.m */; };
		4A04190C1240668C00C93E1B /* SGEnvironmentConstants.m in Sources */ = {isa = PBXBuildFile; fileRef = 4A64A4671120964700D4E22D /* SGEnvironmentConstants.m */; };
		4A04190D1240668D00C93E1B /* SGARViewController.m in Sources */ = {isa = PBXBuildFile; fileRef = 4A64A4591120964700D4E22D /* SGARViewController.m */; };
		4A04190E1240668E00C93E1B /* CLLocationAdditions.m in Sources */ = {isa = PBXBuildFile; fileRef = 4A476AFA11619D960066F747 /* CLLocationAdditions.m */; };
		4A04190F1240668E00C93E1B /* SG3DOverlayEnvironment.m in Sources */ = {isa = PBXBuildFile; fileRef = 4A64A4641120964700D4E22D /* SG3DOverlayEnvironment.m */; };
		4A0419101240668F00C93E1B /* SG3DOverlayView.m in Sources */ = {isa = PBXBuildFile; fileRef = 4A64A4771120964700D4E22D /* SG3DOverlayView.m */; };
		4A0419111240669000C93E1B /* SGAnnotationView.m in Sources */ = {isa = PBXBuildFile; fileRef = 4A64A4791120964700D4E22D /* SGAnnotationView.m */; };
		4A0419121240669100C93E1B /* SGAnnotationViewContainer.m in Sources */ = {isa = PBXBuildFile; fileRef = 4A64A47B1120964700D4E22D /* SGAnnotationViewContainer.m */; };
		4A0419131240669300C93E1B /* SGARView.m in Sources */ = {isa = PBXBuildFile; fileRef = 4A64A47E1120964700D4E22D /* SGARView.m */; };
		4A0419401240684900C93E1B /* SGTopInspectorBackground.png in Resources */ = {isa = PBXBuildFile; fileRef = 4A64A4961120964700D4E22D /* SGTopInspectorBackground.png */; };
		4A0419411240684900C93E1B /* SGRedPin.png in Resources */ = {isa = PBXBuildFile; fileRef = 4A64A4951120964700D4E22D /* SGRedPin.png */; };
		4A0419421240684A00C93E1B /* SGMiddleInspectorBackground.png in Resources */ = {isa = PBXBuildFile; fileRef = 4A64A4941120964700D4E22D /* SGMiddleInspectorBackground.png */; };
		4A0419441240684B00C93E1B /* SGDefaultRadarTargetImage.png in Resources */ = {isa = PBXBuildFile; fileRef = 4A64A4911120964700D4E22D /* SGDefaultRadarTargetImage.png */; };
		4A0419451240684C00C93E1B /* SGGlassTargetBackground.png in Resources */ = {isa = PBXBuildFile; fileRef = 4A64A4931120964700D4E22D /* SGGlassTargetBackground.png */; };
		4A0419461240684D00C93E1B /* SGDefaultSelectedContainer.png in Resources */ = {isa = PBXBuildFile; fileRef = 4A64A4921120964700D4E22D /* SGDefaultSelectedContainer.png */; };
		4A0419471240684D00C93E1B /* SGDefaultRadarCurrentLocation.png in Resources */ = {isa = PBXBuildFile; fileRef = 4A64A4901120964700D4E22D /* SGDefaultRadarCurrentLocation.png */; };
		4A0419481240684F00C93E1B /* SGDefaultRadarBackground.png in Resources */ = {isa = PBXBuildFile; fileRef = 4A64A48F1120964700D4E22D /* SGDefaultRadarBackground.png */; };
		4A0419491240685000C93E1B /* SGDefaultProfilePicture.png in Resources */ = {isa = PBXBuildFile; fileRef = 4A64A48E1120964700D4E22D /* SGDefaultProfilePicture.png */; };
		4A04194A1240685100C93E1B /* SGBluePin.png in Resources */ = {isa = PBXBuildFile; fileRef = 4A64A48A1120964700D4E22D /* SGBluePin.png */; };
		4A04194B1240685200C93E1B /* SGBottomInspectorBackground.png in Resources */ = {isa = PBXBuildFile; fileRef = 4A64A48B1120964700D4E22D /* SGBottomInspectorBackground.png */; };
		4A04194C1240685300C93E1B /* SGCloseButton.png in Resources */ = {isa = PBXBuildFile; fileRef = 4A64A48C1120964700D4E22D /* SGCloseButton.png */; };
		4A04194D1240685300C93E1B /* SGDefaultContainer.png in Resources */ = {isa = PBXBuildFile; fileRef = 4A64A48D1120964700D4E22D /* SGDefaultContainer.png */; };
		4A04194F1240685600C93E1B /* RightButton.png in Resources */ = {isa = PBXBuildFile; fileRef = 4A64A4891120964700D4E22D /* RightButton.png */; };
		4A0419501240685700C93E1B /* LeftButton.png in Resources */ = {isa = PBXBuildFile; fileRef = 4A64A4881120964700D4E22D /* LeftButton.png */; };
		4A0419511240685800C93E1B /* GLU+iPhone.m in Sources */ = {isa = PBXBuildFile; fileRef = 4A722F5E1198BFF80078ABCE /* GLU+iPhone.m */; };
		4A0419521240685900C93E1B /* AccelerometerFilter.m in Sources */ = {isa = PBXBuildFile; fileRef = 4A722FAA1198C3B50078ABCE /* AccelerometerFilter.m */; };
		4A476AFB11619D960066F747 /* CLLocationAdditions.h in Headers */ = {isa = PBXBuildFile; fileRef = 4A476AF911619D960066F747 /* CLLocationAdditions.h */; };
		4A476AFC11619D960066F747 /* CLLocationAdditions.m in Sources */ = {isa = PBXBuildFile; fileRef = 4A476AFA11619D960066F747 /* CLLocationAdditions.m */; };
		4A64A49A1120964700D4E22D /* SGARViewController.h in Headers */ = {isa = PBXBuildFile; fileRef = 4A64A4581120964700D4E22D /* SGARViewController.h */; };
		4A64A49B1120964700D4E22D /* SGARViewController.m in Sources */ = {isa = PBXBuildFile; fileRef = 4A64A4591120964700D4E22D /* SGARViewController.m */; };
		4A64A4A31120964700D4E22D /* SG3DOverlayEnvironment.h in Headers */ = {isa = PBXBuildFile; fileRef = 4A64A4631120964700D4E22D /* SG3DOverlayEnvironment.h */; };
		4A64A4A41120964700D4E22D /* SG3DOverlayEnvironment.m in Sources */ = {isa = PBXBuildFile; fileRef = 4A64A4641120964700D4E22D /* SG3DOverlayEnvironment.m */; };
		4A64A4A51120964700D4E22D /* SGControlEvents.h in Headers */ = {isa = PBXBuildFile; fileRef = 4A64A4651120964700D4E22D /* SGControlEvents.h */; };
		4A64A4A61120964700D4E22D /* SGEnvironmentConstants.h in Headers */ = {isa = PBXBuildFile; fileRef = 4A64A4661120964700D4E22D /* SGEnvironmentConstants.h */; };
		4A64A4A71120964700D4E22D /* SGEnvironmentConstants.m in Sources */ = {isa = PBXBuildFile; fileRef = 4A64A4671120964700D4E22D /* SGEnvironmentConstants.m */; };
		4A64A4AF1120964700D4E22D /* SGMath.c in Sources */ = {isa = PBXBuildFile; fileRef = 4A64A4701120964700D4E22D /* SGMath.c */; };
		4A64A4B01120964700D4E22D /* SGMath.h in Headers */ = {isa = PBXBuildFile; fileRef = 4A64A4711120964700D4E22D /* SGMath.h */; };
		4A64A4B11120964700D4E22D /* SGMetrics.h in Headers */ = {isa = PBXBuildFile; fileRef = 4A64A4721120964700D4E22D /* SGMetrics.h */; };
		4A64A4B21120964700D4E22D /* SGTexture.h in Headers */ = {isa = PBXBuildFile; fileRef = 4A64A4731120964700D4E22D /* SGTexture.h */; };
		4A64A4B31120964700D4E22D /* SGTexture.m in Sources */ = {isa = PBXBuildFile; fileRef = 4A64A4741120964700D4E22D /* SGTexture.m */; };
		4A64A4B41120964700D4E22D /* SG3DOverlayView.h in Headers */ = {isa = PBXBuildFile; fileRef = 4A64A4761120964700D4E22D /* SG3DOverlayView.h */; };
		4A64A4B51120964700D4E22D /* SG3DOverlayView.m in Sources */ = {isa = PBXBuildFile; fileRef = 4A64A4771120964700D4E22D /* SG3DOverlayView.m */; };
		4A64A4B61120964700D4E22D /* SGAnnotationView.h in Headers */ = {isa = PBXBuildFile; fileRef = 4A64A4781120964700D4E22D /* SGAnnotationView.h */; };
		4A64A4B71120964700D4E22D /* SGAnnotationView.m in Sources */ = {isa = PBXBuildFile; fileRef = 4A64A4791120964700D4E22D /* SGAnnotationView.m */; };
		4A64A4B81120964700D4E22D /* SGAnnotationViewContainer.h in Headers */ = {isa = PBXBuildFile; fileRef = 4A64A47A1120964700D4E22D /* SGAnnotationViewContainer.h */; };
		4A64A4B91120964700D4E22D /* SGAnnotationViewContainer.m in Sources */ = {isa = PBXBuildFile; fileRef = 4A64A47B1120964700D4E22D /* SGAnnotationViewContainer.m */; };
		4A64A4BA1120964700D4E22D /* SGARResponder.h in Headers */ = {isa = PBXBuildFile; fileRef = 4A64A47C1120964700D4E22D /* SGARResponder.h */; };
		4A64A4BB1120964700D4E22D /* SGARView.h in Headers */ = {isa = PBXBuildFile; fileRef = 4A64A47D1120964700D4E22D /* SGARView.h */; };
		4A64A4BC1120964700D4E22D /* SGARView.m in Sources */ = {isa = PBXBuildFile; fileRef = 4A64A47E1120964700D4E22D /* SGARView.m */; };
		4A64A4BD1120964700D4E22D /* SGHeadingView.h in Headers */ = {isa = PBXBuildFile; fileRef = 4A64A47F1120964700D4E22D /* SGHeadingView.h */; };
		4A64A4BE1120964700D4E22D /* SGHeadingView.m in Sources */ = {isa = PBXBuildFile; fileRef = 4A64A4801120964700D4E22D /* SGHeadingView.m */; };
		4A64A4BF1120964700D4E22D /* SGMovableStack.h in Headers */ = {isa = PBXBuildFile; fileRef = 4A64A4811120964700D4E22D /* SGMovableStack.h */; };
		4A64A4C01120964700D4E22D /* SGMovableStack.m in Sources */ = {isa = PBXBuildFile; fileRef = 4A64A4821120964700D4E22D /* SGMovableStack.m */; };
		4A64A4C11120964700D4E22D /* SGRadar.h in Headers */ = {isa = PBXBuildFile; fileRef = 4A64A4831120964700D4E22D /* SGRadar.h */; };
		4A64A4C21120964700D4E22D /* SGRadar.m in Sources */ = {isa = PBXBuildFile; fileRef = 4A64A4841120964700D4E22D /* SGRadar.m */; };
		4A64A4C31120964700D4E22D /* SGAREnvironment_Prefix.pch in Headers */ = {isa = PBXBuildFile; fileRef = 4A64A4971120964700D4E22D /* SGAREnvironment_Prefix.pch */; };
		4A705A73121CD95800B3D330 /* SGPinAnnotationView.h in Headers */ = {isa = PBXBuildFile; fileRef = 4A705A71121CD95800B3D330 /* SGPinAnnotationView.h */; };
		4A705A74121CD95800B3D330 /* SGPinAnnotationView.m in Sources */ = {isa = PBXBuildFile; fileRef = 4A705A72121CD95800B3D330 /* SGPinAnnotationView.m */; };
		4A722F5F1198BFF80078ABCE /* GLU+iPhone.h in Headers */ = {isa = PBXBuildFile; fileRef = 4A722F5D1198BFF80078ABCE /* GLU+iPhone.h */; };
		4A722F601198BFF80078ABCE /* GLU+iPhone.m in Sources */ = {isa = PBXBuildFile; fileRef = 4A722F5E1198BFF80078ABCE /* GLU+iPhone.m */; };
		4A722FAB1198C3B50078ABCE /* AccelerometerFilter.h in Headers */ = {isa = PBXBuildFile; fileRef = 4A722FA91198C3B50078ABCE /* AccelerometerFilter.h */; };
		4A722FAC1198C3B50078ABCE /* AccelerometerFilter.m in Sources */ = {isa = PBXBuildFile; fileRef = 4A722FAA1198C3B50078ABCE /* AccelerometerFilter.m */; };
		4ABE1DAA1242B173002F42EC /* AVFoundation.framework in Frameworks */ = {isa = PBXBuildFile; fileRef = 4ABE1DA91242B173002F42EC /* AVFoundation.framework */; };
		4ABE1DAE1242B189002F42EC /* CoreLocation.framework in Frameworks */ = {isa = PBXBuildFile; fileRef = 4ABE1DAD1242B189002F42EC /* CoreLocation.framework */; };
		4ABE1DB01242B189002F42EC /* Foundation.framework in Frameworks */ = {isa = PBXBuildFile; fileRef = 4ABE1DAF1242B189002F42EC /* Foundation.framework */; };
		4ABE1DB21242B189002F42EC /* OpenGLES.framework in Frameworks */ = {isa = PBXBuildFile; fileRef = 4ABE1DB11242B189002F42EC /* OpenGLES.framework */; };
		4ABE1DC71242B1AA002F42EC /* QuartzCore.framework in Frameworks */ = {isa = PBXBuildFile; fileRef = 4ABE1DC61242B1AA002F42EC /* QuartzCore.framework */; };
		4ABE1DC91242B1AA002F42EC /* UIKit.framework in Frameworks */ = {isa = PBXBuildFile; fileRef = 4ABE1DC81242B1AA002F42EC /* UIKit.framework */; };
		4AEDBA841121F32D003C1949 /* SGAREnvironment.h in Headers */ = {isa = PBXBuildFile; fileRef = 4AEDBA831121F32D003C1949 /* SGAREnvironment.h */; };
		5D7290EC12E0EF1B00DCA295 /* OpenGLES.framework in Frameworks */ = {isa = PBXBuildFile; fileRef = 5D7290EB12E0EF1B00DCA295 /* OpenGLES.framework */; };
		5D7290F012E0EF2C00DCA295 /* CoreGraphics.framework in Frameworks */ = {isa = PBXBuildFile; fileRef = 5D7290EF12E0EF2C00DCA295 /* CoreGraphics.framework */; };
		5D7290F412E0EF3D00DCA295 /* CoreLocation.framework in Frameworks */ = {isa = PBXBuildFile; fileRef = 5D7290F312E0EF3D00DCA295 /* CoreLocation.framework */; };
		5D72915812E0EF8700DCA295 /* QuartzCore.framework in Frameworks */ = {isa = PBXBuildFile; fileRef = 5D72915712E0EF8700DCA295 /* QuartzCore.framework */; };
/* End PBXBuildFile section */

/* Begin PBXContainerItemProxy section */
		5D7290E012E0EEC200DCA295 /* PBXContainerItemProxy */ = {
			isa = PBXContainerItemProxy;
			containerPortal = 0867D690FE84028FC02AAC07 /* Project object */;
			proxyType = 1;
			remoteGlobalIDString = D2AAC07D0554694100DB518D /* SGAREnvironment */;
			remoteInfo = SGAREnvironment;
		};
/* End PBXContainerItemProxy section */

/* Begin PBXFileReference section */
		4A022F5E1226200E0063BCED /* SGGlassAnnotationView.m */ = {isa = PBXFileReference; fileEncoding = 4; lastKnownFileType = sourcecode.c.objc; path = SGGlassAnnotationView.m; sourceTree = "<group>"; };
		4A022F5F1226200E0063BCED /* SGGlassAnnotationView.h */ = {isa = PBXFileReference; fileEncoding = 4; lastKnownFileType = sourcecode.c.h; path = SGGlassAnnotationView.h; sourceTree = "<group>"; };
		4A0418C31240642E00C93E1B /* SGAREnvironmentTests.octest */ = {isa = PBXFileReference; explicitFileType = wrapper.cfbundle; includeInIndex = 0; path = SGAREnvironmentTests.octest; sourceTree = BUILT_PRODUCTS_DIR; };
		4A0418C41240642E00C93E1B /* SGAREnvironmentTests-Info.plist */ = {isa = PBXFileReference; lastKnownFileType = text.plist.xml; path = "SGAREnvironmentTests-Info.plist"; sourceTree = "<group>"; };
		4A0418E3124065B600C93E1B /* SGBearingTest.m */ = {isa = PBXFileReference; fileEncoding = 4; lastKnownFileType = sourcecode.c.objc; path = SGBearingTest.m; sourceTree = "<group>"; };
		4A476AF911619D960066F747 /* CLLocationAdditions.h */ = {isa = PBXFileReference; fileEncoding = 4; lastKnownFileType = sourcecode.c.h; path = CLLocationAdditions.h; sourceTree = "<group>"; };
		4A476AFA11619D960066F747 /* CLLocationAdditions.m */ = {isa = PBXFileReference; fileEncoding = 4; lastKnownFileType = sourcecode.c.objc; path = CLLocationAdditions.m; sourceTree = "<group>"; };
		4A64A4581120964700D4E22D /* SGARViewController.h */ = {isa = PBXFileReference; fileEncoding = 4; lastKnownFileType = sourcecode.c.h; path = SGARViewController.h; sourceTree = "<group>"; };
		4A64A4591120964700D4E22D /* SGARViewController.m */ = {isa = PBXFileReference; fileEncoding = 4; lastKnownFileType = sourcecode.c.objc; path = SGARViewController.m; sourceTree = "<group>"; };
		4A64A4631120964700D4E22D /* SG3DOverlayEnvironment.h */ = {isa = PBXFileReference; fileEncoding = 4; lastKnownFileType = sourcecode.c.h; path = SG3DOverlayEnvironment.h; sourceTree = "<group>"; };
		4A64A4641120964700D4E22D /* SG3DOverlayEnvironment.m */ = {isa = PBXFileReference; fileEncoding = 4; lastKnownFileType = sourcecode.c.objc; path = SG3DOverlayEnvironment.m; sourceTree = "<group>"; };
		4A64A4651120964700D4E22D /* SGControlEvents.h */ = {isa = PBXFileReference; fileEncoding = 4; lastKnownFileType = sourcecode.c.h; path = SGControlEvents.h; sourceTree = "<group>"; };
		4A64A4661120964700D4E22D /* SGEnvironmentConstants.h */ = {isa = PBXFileReference; fileEncoding = 4; lastKnownFileType = sourcecode.c.h; path = SGEnvironmentConstants.h; sourceTree = "<group>"; };
		4A64A4671120964700D4E22D /* SGEnvironmentConstants.m */ = {isa = PBXFileReference; fileEncoding = 4; lastKnownFileType = sourcecode.c.objc; path = SGEnvironmentConstants.m; sourceTree = "<group>"; };
		4A64A4701120964700D4E22D /* SGMath.c */ = {isa = PBXFileReference; fileEncoding = 4; lastKnownFileType = sourcecode.c.c; path = SGMath.c; sourceTree = "<group>"; };
		4A64A4711120964700D4E22D /* SGMath.h */ = {isa = PBXFileReference; fileEncoding = 4; lastKnownFileType = sourcecode.c.h; path = SGMath.h; sourceTree = "<group>"; };
		4A64A4721120964700D4E22D /* SGMetrics.h */ = {isa = PBXFileReference; fileEncoding = 4; lastKnownFileType = sourcecode.c.h; path = SGMetrics.h; sourceTree = "<group>"; };
		4A64A4731120964700D4E22D /* SGTexture.h */ = {isa = PBXFileReference; fileEncoding = 4; lastKnownFileType = sourcecode.c.h; path = SGTexture.h; sourceTree = "<group>"; };
		4A64A4741120964700D4E22D /* SGTexture.m */ = {isa = PBXFileReference; fileEncoding = 4; lastKnownFileType = sourcecode.c.objc; path = SGTexture.m; sourceTree = "<group>"; };
		4A64A4761120964700D4E22D /* SG3DOverlayView.h */ = {isa = PBXFileReference; fileEncoding = 4; lastKnownFileType = sourcecode.c.h; path = SG3DOverlayView.h; sourceTree = "<group>"; };
		4A64A4771120964700D4E22D /* SG3DOverlayView.m */ = {isa = PBXFileReference; fileEncoding = 4; lastKnownFileType = sourcecode.c.objc; path = SG3DOverlayView.m; sourceTree = "<group>"; };
		4A64A4781120964700D4E22D /* SGAnnotationView.h */ = {isa = PBXFileReference; fileEncoding = 4; lastKnownFileType = sourcecode.c.h; path = SGAnnotationView.h; sourceTree = "<group>"; };
		4A64A4791120964700D4E22D /* SGAnnotationView.m */ = {isa = PBXFileReference; fileEncoding = 4; lastKnownFileType = sourcecode.c.objc; path = SGAnnotationView.m; sourceTree = "<group>"; };
		4A64A47A1120964700D4E22D /* SGAnnotationViewContainer.h */ = {isa = PBXFileReference; fileEncoding = 4; lastKnownFileType = sourcecode.c.h; path = SGAnnotationViewContainer.h; sourceTree = "<group>"; };
		4A64A47B1120964700D4E22D /* SGAnnotationViewContainer.m */ = {isa = PBXFileReference; fileEncoding = 4; lastKnownFileType = sourcecode.c.objc; path = SGAnnotationViewContainer.m; sourceTree = "<group>"; };
		4A64A47C1120964700D4E22D /* SGARResponder.h */ = {isa = PBXFileReference; fileEncoding = 4; lastKnownFileType = sourcecode.c.h; path = SGARResponder.h; sourceTree = "<group>"; };
		4A64A47D1120964700D4E22D /* SGARView.h */ = {isa = PBXFileReference; fileEncoding = 4; lastKnownFileType = sourcecode.c.h; path = SGARView.h; sourceTree = "<group>"; };
		4A64A47E1120964700D4E22D /* SGARView.m */ = {isa = PBXFileReference; fileEncoding = 4; lastKnownFileType = sourcecode.c.objc; path = SGARView.m; sourceTree = "<group>"; };
		4A64A47F1120964700D4E22D /* SGHeadingView.h */ = {isa = PBXFileReference; fileEncoding = 4; lastKnownFileType = sourcecode.c.h; path = SGHeadingView.h; sourceTree = "<group>"; };
		4A64A4801120964700D4E22D /* SGHeadingView.m */ = {isa = PBXFileReference; fileEncoding = 4; lastKnownFileType = sourcecode.c.objc; path = SGHeadingView.m; sourceTree = "<group>"; };
		4A64A4811120964700D4E22D /* SGMovableStack.h */ = {isa = PBXFileReference; fileEncoding = 4; lastKnownFileType = sourcecode.c.h; path = SGMovableStack.h; sourceTree = "<group>"; };
		4A64A4821120964700D4E22D /* SGMovableStack.m */ = {isa = PBXFileReference; fileEncoding = 4; lastKnownFileType = sourcecode.c.objc; path = SGMovableStack.m; sourceTree = "<group>"; };
		4A64A4831120964700D4E22D /* SGRadar.h */ = {isa = PBXFileReference; fileEncoding = 4; lastKnownFileType = sourcecode.c.h; path = SGRadar.h; sourceTree = "<group>"; };
		4A64A4841120964700D4E22D /* SGRadar.m */ = {isa = PBXFileReference; fileEncoding = 4; lastKnownFileType = sourcecode.c.objc; path = SGRadar.m; sourceTree = "<group>"; };
		4A64A4851120964700D4E22D /* README */ = {isa = PBXFileReference; fileEncoding = 4; lastKnownFileType = text; path = README; sourceTree = "<group>"; };
		4A64A4881120964700D4E22D /* LeftButton.png */ = {isa = PBXFileReference; lastKnownFileType = image.png; path = LeftButton.png; sourceTree = "<group>"; };
		4A64A4891120964700D4E22D /* RightButton.png */ = {isa = PBXFileReference; lastKnownFileType = image.png; path = RightButton.png; sourceTree = "<group>"; };
		4A64A48A1120964700D4E22D /* SGBluePin.png */ = {isa = PBXFileReference; lastKnownFileType = image.png; path = SGBluePin.png; sourceTree = "<group>"; };
		4A64A48B1120964700D4E22D /* SGBottomInspectorBackground.png */ = {isa = PBXFileReference; lastKnownFileType = image.png; path = SGBottomInspectorBackground.png; sourceTree = "<group>"; };
		4A64A48C1120964700D4E22D /* SGCloseButton.png */ = {isa = PBXFileReference; lastKnownFileType = image.png; path = SGCloseButton.png; sourceTree = "<group>"; };
		4A64A48D1120964700D4E22D /* SGDefaultContainer.png */ = {isa = PBXFileReference; lastKnownFileType = image.png; path = SGDefaultContainer.png; sourceTree = "<group>"; };
		4A64A48E1120964700D4E22D /* SGDefaultProfilePicture.png */ = {isa = PBXFileReference; lastKnownFileType = image.png; path = SGDefaultProfilePicture.png; sourceTree = "<group>"; };
		4A64A48F1120964700D4E22D /* SGDefaultRadarBackground.png */ = {isa = PBXFileReference; lastKnownFileType = image.png; path = SGDefaultRadarBackground.png; sourceTree = "<group>"; };
		4A64A4901120964700D4E22D /* SGDefaultRadarCurrentLocation.png */ = {isa = PBXFileReference; lastKnownFileType = image.png; path = SGDefaultRadarCurrentLocation.png; sourceTree = "<group>"; };
		4A64A4911120964700D4E22D /* SGDefaultRadarTargetImage.png */ = {isa = PBXFileReference; lastKnownFileType = image.png; path = SGDefaultRadarTargetImage.png; sourceTree = "<group>"; };
		4A64A4921120964700D4E22D /* SGDefaultSelectedContainer.png */ = {isa = PBXFileReference; lastKnownFileType = image.png; path = SGDefaultSelectedContainer.png; sourceTree = "<group>"; };
		4A64A4931120964700D4E22D /* SGGlassTargetBackground.png */ = {isa = PBXFileReference; lastKnownFileType = image.png; path = SGGlassTargetBackground.png; sourceTree = "<group>"; };
		4A64A4941120964700D4E22D /* SGMiddleInspectorBackground.png */ = {isa = PBXFileReference; lastKnownFileType = image.png; path = SGMiddleInspectorBackground.png; sourceTree = "<group>"; };
		4A64A4951120964700D4E22D /* SGRedPin.png */ = {isa = PBXFileReference; lastKnownFileType = image.png; path = SGRedPin.png; sourceTree = "<group>"; };
		4A64A4961120964700D4E22D /* SGTopInspectorBackground.png */ = {isa = PBXFileReference; lastKnownFileType = image.png; path = SGTopInspectorBackground.png; sourceTree = "<group>"; };
		4A64A4971120964700D4E22D /* SGAREnvironment_Prefix.pch */ = {isa = PBXFileReference; fileEncoding = 4; lastKnownFileType = sourcecode.c.h; path = SGAREnvironment_Prefix.pch; sourceTree = "<group>"; };
		4A705A71121CD95800B3D330 /* SGPinAnnotationView.h */ = {isa = PBXFileReference; fileEncoding = 4; lastKnownFileType = sourcecode.c.h; path = SGPinAnnotationView.h; sourceTree = "<group>"; };
		4A705A72121CD95800B3D330 /* SGPinAnnotationView.m */ = {isa = PBXFileReference; fileEncoding = 4; lastKnownFileType = sourcecode.c.objc; path = SGPinAnnotationView.m; sourceTree = "<group>"; };
		4A722F5D1198BFF80078ABCE /* GLU+iPhone.h */ = {isa = PBXFileReference; fileEncoding = 4; lastKnownFileType = sourcecode.c.h; path = "GLU+iPhone.h"; sourceTree = "<group>"; };
		4A722F5E1198BFF80078ABCE /* GLU+iPhone.m */ = {isa = PBXFileReference; fileEncoding = 4; lastKnownFileType = sourcecode.c.objc; path = "GLU+iPhone.m"; sourceTree = "<group>"; };
		4A722FA91198C3B50078ABCE /* AccelerometerFilter.h */ = {isa = PBXFileReference; fileEncoding = 4; lastKnownFileType = sourcecode.c.h; path = AccelerometerFilter.h; sourceTree = "<group>"; };
		4A722FAA1198C3B50078ABCE /* AccelerometerFilter.m */ = {isa = PBXFileReference; fileEncoding = 4; lastKnownFileType = sourcecode.c.objc; path = AccelerometerFilter.m; sourceTree = "<group>"; };
		4A7551E711DBD24D003E8D8A /* build_dist */ = {isa = PBXFileReference; fileEncoding = 4; lastKnownFileType = text.script.sh; path = build_dist; sourceTree = "<group>"; };
		4ABE1DA91242B173002F42EC /* AVFoundation.framework */ = {isa = PBXFileReference; lastKnownFileType = wrapper.framework; name = AVFoundation.framework; path = System/Library/Frameworks/AVFoundation.framework; sourceTree = SDKROOT; };
		4ABE1DAD1242B189002F42EC /* CoreLocation.framework */ = {isa = PBXFileReference; lastKnownFileType = wrapper.framework; name = CoreLocation.framework; path = System/Library/Frameworks/CoreLocation.framework; sourceTree = SDKROOT; };
		4ABE1DAF1242B189002F42EC /* Foundation.framework */ = {isa = PBXFileReference; lastKnownFileType = wrapper.framework; name = Foundation.framework; path = System/Library/Frameworks/Foundation.framework; sourceTree = SDKROOT; };
		4ABE1DB11242B189002F42EC /* OpenGLES.framework */ = {isa = PBXFileReference; lastKnownFileType = wrapper.framework; name = OpenGLES.framework; path = System/Library/Frameworks/OpenGLES.framework; sourceTree = SDKROOT; };
		4ABE1DC61242B1AA002F42EC /* QuartzCore.framework */ = {isa = PBXFileReference; lastKnownFileType = wrapper.framework; name = QuartzCore.framework; path = System/Library/Frameworks/QuartzCore.framework; sourceTree = SDKROOT; };
		4ABE1DC81242B1AA002F42EC /* UIKit.framework */ = {isa = PBXFileReference; lastKnownFileType = wrapper.framework; name = UIKit.framework; path = System/Library/Frameworks/UIKit.framework; sourceTree = SDKROOT; };
		4AEDBA831121F32D003C1949 /* SGAREnvironment.h */ = {isa = PBXFileReference; fileEncoding = 4; lastKnownFileType = sourcecode.c.h; path = SGAREnvironment.h; sourceTree = "<group>"; };
		4AF85B3711A5E7F500B97ADA /* LICENSE */ = {isa = PBXFileReference; fileEncoding = 4; lastKnownFileType = text; path = LICENSE; sourceTree = "<group>"; };
		5D7290EB12E0EF1B00DCA295 /* OpenGLES.framework */ = {isa = PBXFileReference; lastKnownFileType = wrapper.framework; name = OpenGLES.framework; path = System/Library/Frameworks/OpenGLES.framework; sourceTree = SDKROOT; };
		5D7290EF12E0EF2C00DCA295 /* CoreGraphics.framework */ = {isa = PBXFileReference; lastKnownFileType = wrapper.framework; name = CoreGraphics.framework; path = System/Library/Frameworks/CoreGraphics.framework; sourceTree = SDKROOT; };
		5D7290F312E0EF3D00DCA295 /* CoreLocation.framework */ = {isa = PBXFileReference; lastKnownFileType = wrapper.framework; name = CoreLocation.framework; path = System/Library/Frameworks/CoreLocation.framework; sourceTree = SDKROOT; };
		5D7290F712E0EF5B00DCA295 /* UIKit.framework */ = {isa = PBXFileReference; lastKnownFileType = wrapper.framework; name = UIKit.framework; path = System/Library/Frameworks/UIKit.framework; sourceTree = SDKROOT; };
		5D72915712E0EF8700DCA295 /* QuartzCore.framework */ = {isa = PBXFileReference; lastKnownFileType = wrapper.framework; name = QuartzCore.framework; path = System/Library/Frameworks/QuartzCore.framework; sourceTree = SDKROOT; };
		D2AAC07E0554694100DB518D /* libSGAREnvironment.a */ = {isa = PBXFileReference; explicitFileType = archive.ar; includeInIndex = 0; path = libSGAREnvironment.a; sourceTree = BUILT_PRODUCTS_DIR; };
/* End PBXFileReference section */

/* Begin PBXFrameworksBuildPhase section */
		4A0418C01240642E00C93E1B /* Frameworks */ = {
			isa = PBXFrameworksBuildPhase;
			buildActionMask = 2147483647;
			files = (
				5D7290EC12E0EF1B00DCA295 /* OpenGLES.framework in Frameworks */,
				5D7290F012E0EF2C00DCA295 /* CoreGraphics.framework in Frameworks */,
				5D7290F412E0EF3D00DCA295 /* CoreLocation.framework in Frameworks */,
				5D72915812E0EF8700DCA295 /* QuartzCore.framework in Frameworks */,
			);
			runOnlyForDeploymentPostprocessing = 0;
		};
		D2AAC07C0554694100DB518D /* Frameworks */ = {
			isa = PBXFrameworksBuildPhase;
			buildActionMask = 2147483647;
			files = (
				4ABE1DAA1242B173002F42EC /* AVFoundation.framework in Frameworks */,
				4ABE1DAE1242B189002F42EC /* CoreLocation.framework in Frameworks */,
				4ABE1DB01242B189002F42EC /* Foundation.framework in Frameworks */,
				4ABE1DB21242B189002F42EC /* OpenGLES.framework in Frameworks */,
				4ABE1DC71242B1AA002F42EC /* QuartzCore.framework in Frameworks */,
				4ABE1DC91242B1AA002F42EC /* UIKit.framework in Frameworks */,
			);
			runOnlyForDeploymentPostprocessing = 0;
		};
/* End PBXFrameworksBuildPhase section */

/* Begin PBXGroup section */
		034768DFFF38A50411DB9C8B /* Products */ = {
			isa = PBXGroup;
			children = (
				D2AAC07E0554694100DB518D /* libSGAREnvironment.a */,
				4A0418C31240642E00C93E1B /* SGAREnvironmentTests.octest */,
			);
			name = Products;
			sourceTree = "<group>";
		};
		0867D691FE84028FC02AAC07 /* SGARView */ = {
			isa = PBXGroup;
			children = (
				4ABE1D811242AA48002F42EC /* Frameworks */,
				4A0418E1124065A200C93E1B /* Tests */,
				4A7551E711DBD24D003E8D8A /* build_dist */,
				4A64A4531120964700D4E22D /* Classes */,
				4A64A4851120964700D4E22D /* README */,
				4A64A4861120964700D4E22D /* Resources */,
				034768DFFF38A50411DB9C8B /* Products */,
				4AF85B3711A5E7F500B97ADA /* LICENSE */,
				4A0418C41240642E00C93E1B /* SGAREnvironmentTests-Info.plist */,
				5D7290EB12E0EF1B00DCA295 /* OpenGLES.framework */,
				5D7290EF12E0EF2C00DCA295 /* CoreGraphics.framework */,
				5D7290F312E0EF3D00DCA295 /* CoreLocation.framework */,
				5D7290F712E0EF5B00DCA295 /* UIKit.framework */,
				5D72915712E0EF8700DCA295 /* QuartzCore.framework */,
			);
			name = SGARView;
			sourceTree = "<group>";
		};
		4A0418E1124065A200C93E1B /* Tests */ = {
			isa = PBXGroup;
			children = (
				4A0418E3124065B600C93E1B /* SGBearingTest.m */,
			);
			path = Tests;
			sourceTree = "<group>";
		};
		4A64A4531120964700D4E22D /* Classes */ = {
			isa = PBXGroup;
			children = (
				4A64A4541120964700D4E22D /* Additions */,
				4A64A4571120964700D4E22D /* Controllers */,
				4A64A4621120964700D4E22D /* Environment */,
				4A64A4681120964700D4E22D /* Utilities */,
				4A64A4751120964700D4E22D /* Views */,
				4AEDBA831121F32D003C1949 /* SGAREnvironment.h */,
			);
			path = Classes;
			sourceTree = "<group>";
		};
		4A64A4541120964700D4E22D /* Additions */ = {
			isa = PBXGroup;
			children = (
				4A476AF911619D960066F747 /* CLLocationAdditions.h */,
				4A476AFA11619D960066F747 /* CLLocationAdditions.m */,
			);
			path = Additions;
			sourceTree = "<group>";
		};
		4A64A4571120964700D4E22D /* Controllers */ = {
			isa = PBXGroup;
			children = (
				4A64A4581120964700D4E22D /* SGARViewController.h */,
				4A64A4591120964700D4E22D /* SGARViewController.m */,
			);
			path = Controllers;
			sourceTree = "<group>";
		};
		4A64A4621120964700D4E22D /* Environment */ = {
			isa = PBXGroup;
			children = (
				4A64A4631120964700D4E22D /* SG3DOverlayEnvironment.h */,
				4A64A4641120964700D4E22D /* SG3DOverlayEnvironment.m */,
				4A64A4651120964700D4E22D /* SGControlEvents.h */,
				4A64A4661120964700D4E22D /* SGEnvironmentConstants.h */,
				4A64A4671120964700D4E22D /* SGEnvironmentConstants.m */,
			);
			path = Environment;
			sourceTree = "<group>";
		};
		4A64A4681120964700D4E22D /* Utilities */ = {
			isa = PBXGroup;
			children = (
				4A64A4701120964700D4E22D /* SGMath.c */,
				4A64A4711120964700D4E22D /* SGMath.h */,
				4A64A4721120964700D4E22D /* SGMetrics.h */,
				4A64A4731120964700D4E22D /* SGTexture.h */,
				4A64A4741120964700D4E22D /* SGTexture.m */,
			);
			path = Utilities;
			sourceTree = "<group>";
		};
		4A64A4751120964700D4E22D /* Views */ = {
			isa = PBXGroup;
			children = (
				4A022F5E1226200E0063BCED /* SGGlassAnnotationView.m */,
				4A022F5F1226200E0063BCED /* SGGlassAnnotationView.h */,
				4A64A4761120964700D4E22D /* SG3DOverlayView.h */,
				4A64A4771120964700D4E22D /* SG3DOverlayView.m */,
				4A64A4781120964700D4E22D /* SGAnnotationView.h */,
				4A64A4791120964700D4E22D /* SGAnnotationView.m */,
				4A64A47A1120964700D4E22D /* SGAnnotationViewContainer.h */,
				4A64A47B1120964700D4E22D /* SGAnnotationViewContainer.m */,
				4A64A47C1120964700D4E22D /* SGARResponder.h */,
				4A64A47D1120964700D4E22D /* SGARView.h */,
				4A64A47E1120964700D4E22D /* SGARView.m */,
				4A64A47F1120964700D4E22D /* SGHeadingView.h */,
				4A64A4801120964700D4E22D /* SGHeadingView.m */,
				4A64A4811120964700D4E22D /* SGMovableStack.h */,
				4A64A4821120964700D4E22D /* SGMovableStack.m */,
				4A64A4831120964700D4E22D /* SGRadar.h */,
				4A64A4841120964700D4E22D /* SGRadar.m */,
				4A705A71121CD95800B3D330 /* SGPinAnnotationView.h */,
				4A705A72121CD95800B3D330 /* SGPinAnnotationView.m */,
			);
			path = Views;
			sourceTree = "<group>";
		};
		4A64A4861120964700D4E22D /* Resources */ = {
			isa = PBXGroup;
			children = (
				4A722F5C1198BFD10078ABCE /* 3rd-Party */,
				4A64A4871120964700D4E22D /* Images */,
				4A64A4971120964700D4E22D /* SGAREnvironment_Prefix.pch */,
			);
			path = Resources;
			sourceTree = "<group>";
		};
		4A64A4871120964700D4E22D /* Images */ = {
			isa = PBXGroup;
			children = (
				4A64A4881120964700D4E22D /* LeftButton.png */,
				4A64A4891120964700D4E22D /* RightButton.png */,
				4A64A48A1120964700D4E22D /* SGBluePin.png */,
				4A64A48B1120964700D4E22D /* SGBottomInspectorBackground.png */,
				4A64A48C1120964700D4E22D /* SGCloseButton.png */,
				4A64A48D1120964700D4E22D /* SGDefaultContainer.png */,
				4A64A48E1120964700D4E22D /* SGDefaultProfilePicture.png */,
				4A64A48F1120964700D4E22D /* SGDefaultRadarBackground.png */,
				4A64A4901120964700D4E22D /* SGDefaultRadarCurrentLocation.png */,
				4A64A4911120964700D4E22D /* SGDefaultRadarTargetImage.png */,
				4A64A4921120964700D4E22D /* SGDefaultSelectedContainer.png */,
				4A64A4931120964700D4E22D /* SGGlassTargetBackground.png */,
				4A64A4941120964700D4E22D /* SGMiddleInspectorBackground.png */,
				4A64A4951120964700D4E22D /* SGRedPin.png */,
				4A64A4961120964700D4E22D /* SGTopInspectorBackground.png */,
			);
			path = Images;
			sourceTree = "<group>";
		};
		4A722F5C1198BFD10078ABCE /* 3rd-Party */ = {
			isa = PBXGroup;
			children = (
				4A722FA91198C3B50078ABCE /* AccelerometerFilter.h */,
				4A722FAA1198C3B50078ABCE /* AccelerometerFilter.m */,
				4A722F5D1198BFF80078ABCE /* GLU+iPhone.h */,
				4A722F5E1198BFF80078ABCE /* GLU+iPhone.m */,
			);
			path = "3rd-Party";
			sourceTree = "<group>";
		};
		4ABE1D811242AA48002F42EC /* Frameworks */ = {
			isa = PBXGroup;
			children = (
				4ABE1DA91242B173002F42EC /* AVFoundation.framework */,
				4ABE1DAD1242B189002F42EC /* CoreLocation.framework */,
				4ABE1DAF1242B189002F42EC /* Foundation.framework */,
				4ABE1DB11242B189002F42EC /* OpenGLES.framework */,
				4ABE1DC61242B1AA002F42EC /* QuartzCore.framework */,
				4ABE1DC81242B1AA002F42EC /* UIKit.framework */,
			);
			name = Frameworks;
			sourceTree = "<group>";
		};
/* End PBXGroup section */

/* Begin PBXHeadersBuildPhase section */
		D2AAC07A0554694100DB518D /* Headers */ = {
			isa = PBXHeadersBuildPhase;
			buildActionMask = 2147483647;
			files = (
				4A64A49A1120964700D4E22D /* SGARViewController.h in Headers */,
				4A64A4A31120964700D4E22D /* SG3DOverlayEnvironment.h in Headers */,
				4A64A4A51120964700D4E22D /* SGControlEvents.h in Headers */,
				4A64A4A61120964700D4E22D /* SGEnvironmentConstants.h in Headers */,
				4A64A4B01120964700D4E22D /* SGMath.h in Headers */,
				4A64A4B11120964700D4E22D /* SGMetrics.h in Headers */,
				4A64A4B21120964700D4E22D /* SGTexture.h in Headers */,
				4A64A4B41120964700D4E22D /* SG3DOverlayView.h in Headers */,
				4A64A4B61120964700D4E22D /* SGAnnotationView.h in Headers */,
				4A64A4B81120964700D4E22D /* SGAnnotationViewContainer.h in Headers */,
				4A64A4BA1120964700D4E22D /* SGARResponder.h in Headers */,
				4A64A4BB1120964700D4E22D /* SGARView.h in Headers */,
				4A64A4BD1120964700D4E22D /* SGHeadingView.h in Headers */,
				4A64A4BF1120964700D4E22D /* SGMovableStack.h in Headers */,
				4A64A4C11120964700D4E22D /* SGRadar.h in Headers */,
				4A64A4C31120964700D4E22D /* SGAREnvironment_Prefix.pch in Headers */,
				4AEDBA841121F32D003C1949 /* SGAREnvironment.h in Headers */,
				4A476AFB11619D960066F747 /* CLLocationAdditions.h in Headers */,
				4A722F5F1198BFF80078ABCE /* GLU+iPhone.h in Headers */,
				4A722FAB1198C3B50078ABCE /* AccelerometerFilter.h in Headers */,
				4A705A73121CD95800B3D330 /* SGPinAnnotationView.h in Headers */,
				4A022F611226200E0063BCED /* SGGlassAnnotationView.h in Headers */,
			);
			runOnlyForDeploymentPostprocessing = 0;
		};
/* End PBXHeadersBuildPhase section */

/* Begin PBXNativeTarget section */
		4A0418C21240642E00C93E1B /* SGAREnvironmentTests */ = {
			isa = PBXNativeTarget;
			buildConfigurationList = 4A0418C71240642F00C93E1B /* Build configuration list for PBXNativeTarget "SGAREnvironmentTests" */;
			buildPhases = (
				4A0418BE1240642E00C93E1B /* Resources */,
				4A0418BF1240642E00C93E1B /* Sources */,
				4A0418C01240642E00C93E1B /* Frameworks */,
				4A0418C11240642E00C93E1B /* ShellScript */,
			);
			buildRules = (
			);
			dependencies = (
				5D7290E112E0EEC200DCA295 /* PBXTargetDependency */,
			);
			name = SGAREnvironmentTests;
			productName = SGAREnvironmentTests;
			productReference = 4A0418C31240642E00C93E1B /* SGAREnvironmentTests.octest */;
			productType = "com.apple.product-type.bundle";
		};
		D2AAC07D0554694100DB518D /* SGAREnvironment */ = {
			isa = PBXNativeTarget;
			buildConfigurationList = 1DEB921E08733DC00010E9CD /* Build configuration list for PBXNativeTarget "SGAREnvironment" */;
			buildPhases = (
				D2AAC07A0554694100DB518D /* Headers */,
				D2AAC07B0554694100DB518D /* Sources */,
				D2AAC07C0554694100DB518D /* Frameworks */,
			);
			buildRules = (
			);
			dependencies = (
			);
			name = SGAREnvironment;
			productName = SGARView;
			productReference = D2AAC07E0554694100DB518D /* libSGAREnvironment.a */;
			productType = "com.apple.product-type.library.static";
		};
/* End PBXNativeTarget section */

/* Begin PBXProject section */
		0867D690FE84028FC02AAC07 /* Project object */ = {
			isa = PBXProject;
			buildConfigurationList = 1DEB922208733DC00010E9CD /* Build configuration list for PBXProject "SGAREnvironment" */;
			compatibilityVersion = "Xcode 3.2";
			developmentRegion = English;
			hasScannedForEncodings = 1;
			knownRegions = (
				English,
				Japanese,
				French,
				German,
			);
			mainGroup = 0867D691FE84028FC02AAC07 /* SGARView */;
			productRefGroup = 034768DFFF38A50411DB9C8B /* Products */;
			projectDirPath = "";
			projectRoot = "";
			targets = (
				D2AAC07D0554694100DB518D /* SGAREnvironment */,
				4A0418C21240642E00C93E1B /* SGAREnvironmentTests */,
			);
		};
/* End PBXProject section */

/* Begin PBXResourcesBuildPhase section */
		4A0418BE1240642E00C93E1B /* Resources */ = {
			isa = PBXResourcesBuildPhase;
			buildActionMask = 2147483647;
			files = (
				4A0419401240684900C93E1B /* SGTopInspectorBackground.png in Resources */,
				4A0419411240684900C93E1B /* SGRedPin.png in Resources */,
				4A0419421240684A00C93E1B /* SGMiddleInspectorBackground.png in Resources */,
				4A0419441240684B00C93E1B /* SGDefaultRadarTargetImage.png in Resources */,
				4A0419451240684C00C93E1B /* SGGlassTargetBackground.png in Resources */,
				4A0419461240684D00C93E1B /* SGDefaultSelectedContainer.png in Resources */,
				4A0419471240684D00C93E1B /* SGDefaultRadarCurrentLocation.png in Resources */,
				4A0419481240684F00C93E1B /* SGDefaultRadarBackground.png in Resources */,
				4A0419491240685000C93E1B /* SGDefaultProfilePicture.png in Resources */,
				4A04194A1240685100C93E1B /* SGBluePin.png in Resources */,
				4A04194B1240685200C93E1B /* SGBottomInspectorBackground.png in Resources */,
				4A04194C1240685300C93E1B /* SGCloseButton.png in Resources */,
				4A04194D1240685300C93E1B /* SGDefaultContainer.png in Resources */,
				4A04194F1240685600C93E1B /* RightButton.png in Resources */,
				4A0419501240685700C93E1B /* LeftButton.png in Resources */,
			);
			runOnlyForDeploymentPostprocessing = 0;
		};
/* End PBXResourcesBuildPhase section */

/* Begin PBXShellScriptBuildPhase section */
		4A0418C11240642E00C93E1B /* ShellScript */ = {
			isa = PBXShellScriptBuildPhase;
			buildActionMask = 2147483647;
			files = (
			);
			inputPaths = (
			);
			outputPaths = (
			);
			runOnlyForDeploymentPostprocessing = 0;
			shellPath = /bin/sh;
			shellScript = "# Run the unit tests in this test bundle.\n\"${SYSTEM_DEVELOPER_DIR}/Tools/RunUnitTests\"\n";
		};
/* End PBXShellScriptBuildPhase section */

/* Begin PBXSourcesBuildPhase section */
		4A0418BF1240642E00C93E1B /* Sources */ = {
			isa = PBXSourcesBuildPhase;
			buildActionMask = 2147483647;
			files = (
				4A0418E4124065B600C93E1B /* SGBearingTest.m in Sources */,
				4A0419051240668600C93E1B /* SGTexture.m in Sources */,
				4A0419061240668700C93E1B /* SGRadar.m in Sources */,
				4A0419071240668800C93E1B /* SGPinAnnotationView.m in Sources */,
				4A0419081240668800C93E1B /* SGMovableStack.m in Sources */,
				4A0419091240668A00C93E1B /* SGHeadingView.m in Sources */,
				4A04190A1240668A00C93E1B /* SGMath.c in Sources */,
				4A04190B1240668B00C93E1B /* SGGlassAnnotationView.m in Sources */,
				4A04190C1240668C00C93E1B /* SGEnvironmentConstants.m in Sources */,
				4A04190D1240668D00C93E1B /* SGARViewController.m in Sources */,
				4A04190E1240668E00C93E1B /* CLLocationAdditions.m in Sources */,
				4A04190F1240668E00C93E1B /* SG3DOverlayEnvironment.m in Sources */,
				4A0419101240668F00C93E1B /* SG3DOverlayView.m in Sources */,
				4A0419111240669000C93E1B /* SGAnnotationView.m in Sources */,
				4A0419121240669100C93E1B /* SGAnnotationViewContainer.m in Sources */,
				4A0419131240669300C93E1B /* SGARView.m in Sources */,
				4A0419511240685800C93E1B /* GLU+iPhone.m in Sources */,
				4A0419521240685900C93E1B /* AccelerometerFilter.m in Sources */,
			);
			runOnlyForDeploymentPostprocessing = 0;
		};
		D2AAC07B0554694100DB518D /* Sources */ = {
			isa = PBXSourcesBuildPhase;
			buildActionMask = 2147483647;
			files = (
				4A64A49B1120964700D4E22D /* SGARViewController.m in Sources */,
				4A64A4A41120964700D4E22D /* SG3DOverlayEnvironment.m in Sources */,
				4A64A4A71120964700D4E22D /* SGEnvironmentConstants.m in Sources */,
				4A64A4AF1120964700D4E22D /* SGMath.c in Sources */,
				4A64A4B31120964700D4E22D /* SGTexture.m in Sources */,
				4A64A4B51120964700D4E22D /* SG3DOverlayView.m in Sources */,
				4A64A4B71120964700D4E22D /* SGAnnotationView.m in Sources */,
				4A64A4B91120964700D4E22D /* SGAnnotationViewContainer.m in Sources */,
				4A64A4BC1120964700D4E22D /* SGARView.m in Sources */,
				4A64A4BE1120964700D4E22D /* SGHeadingView.m in Sources */,
				4A64A4C01120964700D4E22D /* SGMovableStack.m in Sources */,
				4A64A4C21120964700D4E22D /* SGRadar.m in Sources */,
				4A476AFC11619D960066F747 /* CLLocationAdditions.m in Sources */,
				4A722F601198BFF80078ABCE /* GLU+iPhone.m in Sources */,
				4A722FAC1198C3B50078ABCE /* AccelerometerFilter.m in Sources */,
				4A705A74121CD95800B3D330 /* SGPinAnnotationView.m in Sources */,
				4A022F601226200E0063BCED /* SGGlassAnnotationView.m in Sources */,
			);
			runOnlyForDeploymentPostprocessing = 0;
		};
/* End PBXSourcesBuildPhase section */

/* Begin PBXTargetDependency section */
		5D7290E112E0EEC200DCA295 /* PBXTargetDependency */ = {
			isa = PBXTargetDependency;
			target = D2AAC07D0554694100DB518D /* SGAREnvironment */;
			targetProxy = 5D7290E012E0EEC200DCA295 /* PBXContainerItemProxy */;
		};
/* End PBXTargetDependency section */

/* Begin XCBuildConfiguration section */
		1DEB921F08733DC00010E9CD /* Debug */ = {
			isa = XCBuildConfiguration;
			buildSettings = {
				ALWAYS_SEARCH_USER_PATHS = NO;
				ARCHS = "$(ARCHS_STANDARD_32_BIT)";
				COPY_PHASE_STRIP = NO;
				DSTROOT = /tmp/SGARView.dst;
				GCC_DYNAMIC_NO_PIC = NO;
				GCC_ENABLE_FIX_AND_CONTINUE = YES;
				GCC_MODEL_TUNING = G5;
				GCC_OPTIMIZATION_LEVEL = 0;
				GCC_PRECOMPILE_PREFIX_HEADER = YES;
				GCC_PREFIX_HEADER = Resources/SGAREnvironment_Prefix.pch;
				GCC_PREPROCESSOR_DEFINITIONS = "SG_DEBUG=1";
				HEADER_SEARCH_PATHS = "";
				INSTALL_PATH = /usr/local/lib;
				LIBRARY_SEARCH_PATHS = "";
				OTHER_LDFLAGS = "";
				PRODUCT_NAME = SGAREnvironment;
				SDKROOT = iphoneos;
			};
			name = Debug;
		};
		1DEB922008733DC00010E9CD /* Release */ = {
			isa = XCBuildConfiguration;
			buildSettings = {
				ALWAYS_SEARCH_USER_PATHS = NO;
				ARCHS = "$(ARCHS_STANDARD_32_BIT)";
				DSTROOT = /tmp/SGARView.dst;
				GCC_MODEL_TUNING = G5;
				GCC_PRECOMPILE_PREFIX_HEADER = YES;
				GCC_PREFIX_HEADER = Resources/SGAREnvironment_Prefix.pch;
				GCC_PREPROCESSOR_DEFINITIONS = "SG_DEBUG=1";
				HEADER_SEARCH_PATHS = "Classes/**";
				INSTALL_PATH = /usr/local/lib;
				IPHONEOS_DEPLOYMENT_TARGET = 4.0;
				LIBRARY_SEARCH_PATHS = "";
				OTHER_LDFLAGS = "";
				PRODUCT_NAME = SGAREnvironment;
				SDKROOT = iphoneos4.0;
			};
			name = Release;
		};
		1DEB922308733DC00010E9CD /* Debug */ = {
			isa = XCBuildConfiguration;
			buildSettings = {
				ARCHS = "$(ARCHS_STANDARD_32_BIT)";
				GCC_C_LANGUAGE_STANDARD = c99;
				GCC_OPTIMIZATION_LEVEL = 0;
				GCC_WARN_ABOUT_RETURN_TYPE = YES;
				GCC_WARN_UNUSED_VARIABLE = YES;
				OTHER_LDFLAGS = "-ObjC";
				PREBINDING = NO;
				SDKROOT = iphoneos;
			};
			name = Debug;
		};
		1DEB922408733DC00010E9CD /* Release */ = {
			isa = XCBuildConfiguration;
			buildSettings = {
				ARCHS = "$(ARCHS_STANDARD_32_BIT)";
				GCC_C_LANGUAGE_STANDARD = c99;
				GCC_WARN_ABOUT_RETURN_TYPE = YES;
				GCC_WARN_UNUSED_VARIABLE = YES;
				OTHER_LDFLAGS = "-ObjC";
				PREBINDING = NO;
				SDKROOT = iphoneos4.0;
			};
			name = Release;
		};
		4A0418C51240642F00C93E1B /* Debug */ = {
			isa = XCBuildConfiguration;
			buildSettings = {
				ALWAYS_SEARCH_USER_PATHS = NO;
				"CODE_SIGN_IDENTITY[sdk=iphoneos*]" = "";
				COPY_PHASE_STRIP = NO;
				FRAMEWORK_SEARCH_PATHS = (
					"\"$(SDKROOT)/Developer/Library/Frameworks\"",
					"\"$(DEVELOPER_LIBRARY_DIR)/Frameworks\"",
				);
				GCC_DYNAMIC_NO_PIC = NO;
				GCC_ENABLE_FIX_AND_CONTINUE = NO;
				GCC_ENABLE_OBJC_EXCEPTIONS = YES;
				GCC_OPTIMIZATION_LEVEL = 0;
				GCC_PREFIX_HEADER = Resources/SGAREnvironment_Prefix.pch;
				GCC_PREPROCESSOR_DEFINITIONS = "SG_DEBUG=1";
				INFOPLIST_FILE = "";
				OTHER_LDFLAGS = (
					"-framework",
					Foundation,
					"-framework",
					SenTestingKit,
					"-framework",
					UIKit,
				);
				PREBINDING = NO;
				PRODUCT_NAME = SGAREnvironmentTests;
				SDKROOT = iphonesimulator4.0;
				WRAPPER_EXTENSION = octest;
			};
			name = Debug;
		};
		4A0418C61240642F00C93E1B /* Release */ = {
			isa = XCBuildConfiguration;
			buildSettings = {
				ALWAYS_SEARCH_USER_PATHS = NO;
				"CODE_SIGN_IDENTITY[sdk=iphoneos*]" = "";
				COPY_PHASE_STRIP = YES;
				DEBUG_INFORMATION_FORMAT = "dwarf-with-dsym";
				FRAMEWORK_SEARCH_PATHS = (
					"\"$(SDKROOT)/Developer/Library/Frameworks\"",
					"\"$(DEVELOPER_LIBRARY_DIR)/Frameworks\"",
				);
				GCC_ENABLE_FIX_AND_CONTINUE = NO;
				GCC_ENABLE_OBJC_EXCEPTIONS = YES;
				INFOPLIST_FILE = "SGAREnvironmentTests-Info.plist";
				OTHER_LDFLAGS = (
					"-framework",
					Foundation,
					"-framework",
					SenTestingKit,
					"-framework",
					UIKit,
				);
				PREBINDING = NO;
				PRODUCT_NAME = SGAREnvironmentTests;
				WRAPPER_EXTENSION = octest;
				ZERO_LINK = NO;
			};
			name = Release;
		};
/* End XCBuildConfiguration section */

/* Begin XCConfigurationList section */
		1DEB921E08733DC00010E9CD /* Build configuration list for PBXNativeTarget "SGAREnvironment" */ = {
			isa = XCConfigurationList;
			buildConfigurations = (
				1DEB921F08733DC00010E9CD /* Debug */,
				1DEB922008733DC00010E9CD /* Release */,
			);
			defaultConfigurationIsVisible = 0;
			defaultConfigurationName = Release;
		};
		1DEB922208733DC00010E9CD /* Build configuration list for PBXProject "SGAREnvironment" */ = {
			isa = XCConfigurationList;
			buildConfigurations = (
				1DEB922308733DC00010E9CD /* Debug */,
				1DEB922408733DC00010E9CD /* Release */,
			);
			defaultConfigurationIsVisible = 0;
			defaultConfigurationName = Release;
		};
		4A0418C71240642F00C93E1B /* Build configuration list for PBXNativeTarget "SGAREnvironmentTests" */ = {
			isa = XCConfigurationList;
			buildConfigurations = (
				4A0418C51240642F00C93E1B /* Debug */,
				4A0418C61240642F00C93E1B /* Release */,
			);
			defaultConfigurationIsVisible = 0;
			defaultConfigurationName = Release;
		};
/* End XCConfigurationList section */
	};
	rootObject = 0867D690FE84028FC02AAC07 /* Project object */;
}
